<?xml version="1.0" encoding="utf-8"?>
<Project ToolsVersion="4.0" xmlns="http://schemas.microsoft.com/developer/msbuild/2003">
  <ItemGroup>
    <ClCompile Include="source\Gameplay\board.cpp" />
    <ClCompile Include="source\Gameplay\cell.cpp" />
    <ClCompile Include="source\Gameplay\gameplayManager.cpp" />
    <ClCompile Include="source\Sound\SoundManager.cpp" />
    <ClCompile Include="source\GameLoop\GameLoop.cpp" />
    <ClCompile Include="main.cpp" />
    <ClCompile Include="source\Event\EventPollingManager.cpp" />
    <ClCompile Include="source\GameWindow\GameWindowManager.cpp" />
    <ClCompile Include="source\UI\GameplayUI\gameplayUI.cpp" />
    <ClCompile Include="source\UI\SplashScreen\SplashScreenManager.cpp" />
    <ClCompile Include="source\Time\TimeManager.cpp" />
    <ClCompile Include="source\UI\UIElements\Button\button.cpp" />
    <ClCompile Include="source\UI\GameplayUI\mainMenuUI.cpp" />
    <ClCompile Include="source\UI\GameplayUI\gameplayuı.cpp" />
  </ItemGroup>
  <ItemGroup>
    <ClInclude Include="header\GameLoop\GameLoop.h" />
    <ClInclude Include="header\Event\EventPollingManager.h" />
    <ClInclude Include="header\Gameplay\Board.h" />
    <ClInclude Include="header\Gameplay\Cell.h" />
    <ClInclude Include="header\Gameplay\gameplayManager.h" />
    <ClInclude Include="header\GameWindow\GameWindowManager.h" />
    <ClInclude Include="header\UI\GameplayUI\GameplayUI.h" />
    <ClInclude Include="header\UI\SplashScreen\SplashScreenManager.h" />
    <ClInclude Include="header\Time\TimeManager.h" />
    <ClInclude Include="header\Sound\SoundManager.h" />
    <ClInclude Include="header\UI\UIElements\Button\Button.h" />
    <ClInclude Include="header\UI\GameplayUI\MainMenu.h" />
  </ItemGroup>
  <ItemGroup>
    <Image Include="assets\textures\board.png" />
    <Image Include="assets\textures\cells.jpeg" />
    <Image Include="assets\textures\instructions_button.png" />
    <Image Include="assets\textures\menu_button.png" />
    <Image Include="assets\textures\minesweeper_bg.png" />
    <Image Include="assets\textures\outscal_logo.png" />
    <Image Include="assets\textures\play_button.png" />
    <Image Include="assets\textures\PokemonBoard.png" />
    <Image Include="assets\textures\PokemonBoard2.png" />
    <Image Include="assets\textures\PokemonCells.png" />
    <Image Include="assets\textures\pokemonPlayy.png" />
    <Image Include="assets\textures\pokemonQuitt.png" />
    <Image Include="assets\textures\pokemon_bg.png" />
    <Image Include="assets\textures\quit_button.png" />
    <Image Include="assets\textures\ResetButton.png" />
    <Image Include="assets\textures\restart_button.png" />
    <Image Include="assets\textures\summerPokemon.png" />
  </ItemGroup>
  <ItemGroup>
    <Font Include="assets\fonts\bubbleBobble.ttf" />
    <Font Include="assets\fonts\DS_DIGIB.TTF" />
    <Font Include="assets\fonts\roboto.ttf" />
  </ItemGroup>
  <ItemGroup>
    <None Include=".gitignore" />
    <None Include="CppProperties.json" />
  </ItemGroup>
</Project>